
Microsoft Visual Studio Solution File, Format Version 12.00
# Visual Studio Version 17
VisualStudioVersion = 17.1.32421.90
MinimumVisualStudioVersion = 10.0.40219.1
Project("{FAE04EC0-301F-11D3-BF4B-00C04F79EFBC}") = "soc", "soc\soc.csproj", "{3D937B1B-EF85-4C3B-B35E-2E3AB3C7EAAF}"
EndProject
Global
	GlobalSection(SolutionConfigurationPlatforms) = preSolution
		Debug|Any CPU = Debug|Any CPU
		Release|Any CPU = Release|Any CPU
	EndGlobalSection
	GlobalSection(ProjectConfigurationPlatforms) = postSolution
		{3D937B1B-EF85-4C3B-B35E-2E3AB3C7EAAF}.Debug|Any CPU.ActiveCfg = Debug|Any CPU
		{3D937B1B-EF85-4C3B-B35E-2E3AB3C7EAAF}.Debug|Any CPU.Build.0 = Debug|Any CPU
		{3D937B1B-EF85-4C3B-B35E-2E3AB3C7EAAF}.Release|Any CPU.ActiveCfg = Release|Any CPU
		{3D937B1B-EF85-4C3B-B35E-2E3AB3C7EAAF}.Release|Any CPU.Build.0 = Release|Any CPU
	EndGlobalSection
	GlobalSection(SolutionProperties) = preSolution
		HideSolutionNode = FALSE
	EndGlobalSection
	GlobalSection(ExtensibilityGlobals) = postSolution
		SolutionGuid = {C35E161C-C1BE-45E4-9EFD-AB322D83A64D}
	EndGlobalSection
EndGlobal
